// !$*UTF8*$!
{
	archiveVersion = 1;
	classes = {
	};
	objectVersion = 46;
	objects = {

/* Begin PBXBuildFile section */
		BA0A961919EBA0C400AFEE9A /* AppDelegate.swift in Sources */ = {isa = PBXBuildFile; fileRef = BA0A961819EBA0C400AFEE9A /* AppDelegate.swift */; };
		BA0A961B19EBA0C400AFEE9A /* ViewController.swift in Sources */ = {isa = PBXBuildFile; fileRef = BA0A961A19EBA0C400AFEE9A /* ViewController.swift */; };
		BA0A961E19EBA0C400AFEE9A /* Main.storyboard in Resources */ = {isa = PBXBuildFile; fileRef = BA0A961C19EBA0C400AFEE9A /* Main.storyboard */; };
		BA0A962019EBA0C400AFEE9A /* Images.xcassets in Resources */ = {isa = PBXBuildFile; fileRef = BA0A961F19EBA0C400AFEE9A /* Images.xcassets */; };
		BA0A962319EBA0C400AFEE9A /* LaunchScreen.xib in Resources */ = {isa = PBXBuildFile; fileRef = BA0A962119EBA0C400AFEE9A /* LaunchScreen.xib */; };
		BA0A962F19EBA0C400AFEE9A /* PEOBITests.swift in Sources */ = {isa = PBXBuildFile; fileRef = BA0A962E19EBA0C400AFEE9A /* PEOBITests.swift */; };
		BA0A963919EBA5E400AFEE9A /* Blurred-Skyline.jpg in Resources */ = {isa = PBXBuildFile; fileRef = BA0A963819EBA5E400AFEE9A /* Blurred-Skyline.jpg */; };
		BA0A963D19EBA6B200AFEE9A /* 1333419.jpg in Resources */ = {isa = PBXBuildFile; fileRef = BA0A963C19EBA6B200AFEE9A /* 1333419.jpg */; };
		BA0A964119ECCF3600AFEE9A /* index_bottom_graphic.png in Resources */ = {isa = PBXBuildFile; fileRef = BA0A963E19ECCF3600AFEE9A /* index_bottom_graphic.png */; };
		BA0A964219ECCF3600AFEE9A /* Logo_final_colour.png in Resources */ = {isa = PBXBuildFile; fileRef = BA0A963F19ECCF3600AFEE9A /* Logo_final_colour.png */; };
		BA0A964319ECCF3600AFEE9A /* Logo_final_text.png in Resources */ = {isa = PBXBuildFile; fileRef = BA0A964019ECCF3600AFEE9A /* Logo_final_text.png */; };
		BA0A964519EE292F00AFEE9A /* MobileCoreServices.framework in Frameworks */ = {isa = PBXBuildFile; fileRef = BA0A964419EE292F00AFEE9A /* MobileCoreServices.framework */; };
/* End PBXBuildFile section */

/* Begin PBXContainerItemProxy section */
		BA0A962919EBA0C400AFEE9A /* PBXContainerItemProxy */ = {
			isa = PBXContainerItemProxy;
			containerPortal = BA0A960B19EBA0C300AFEE9A /* Project object */;
			proxyType = 1;
			remoteGlobalIDString = BA0A961219EBA0C300AFEE9A;
			remoteInfo = PEOBI;
		};
/* End PBXContainerItemProxy section */

/* Begin PBXFileReference section */
		BA0A961319EBA0C400AFEE9A /* PEOBI.app */ = {isa = PBXFileReference; explicitFileType = wrapper.application; includeInIndex = 0; path = PEOBI.app; sourceTree = BUILT_PRODUCTS_DIR; };
		BA0A961719EBA0C400AFEE9A /* Info.plist */ = {isa = PBXFileReference; lastKnownFileType = text.plist.xml; path = Info.plist; sourceTree = "<group>"; };
		BA0A961819EBA0C400AFEE9A /* AppDelegate.swift */ = {isa = PBXFileReference; lastKnownFileType = sourcecode.swift; path = AppDelegate.swift; sourceTree = "<group>"; };
		BA0A961A19EBA0C400AFEE9A /* ViewController.swift */ = {isa = PBXFileReference; lastKnownFileType = sourcecode.swift; path = ViewController.swift; sourceTree = "<group>"; };
		BA0A961D19EBA0C400AFEE9A /* Base */ = {isa = PBXFileReference; lastKnownFileType = file.storyboard; name = Base; path = Base.lproj/Main.storyboard; sourceTree = "<group>"; };
		BA0A961F19EBA0C400AFEE9A /* Images.xcassets */ = {isa = PBXFileReference; lastKnownFileType = folder.assetcatalog; path = Images.xcassets; sourceTree = "<group>"; };
		BA0A962219EBA0C400AFEE9A /* Base */ = {isa = PBXFileReference; lastKnownFileType = file.xib; name = Base; path = Base.lproj/LaunchScreen.xib; sourceTree = "<group>"; };
		BA0A962819EBA0C400AFEE9A /* PEOBITests.xctest */ = {isa = PBXFileReference; explicitFileType = wrapper.cfbundle; includeInIndex = 0; path = PEOBITests.xctest; sourceTree = BUILT_PRODUCTS_DIR; };
		BA0A962D19EBA0C400AFEE9A /* Info.plist */ = {isa = PBXFileReference; lastKnownFileType = text.plist.xml; path = Info.plist; sourceTree = "<group>"; };
		BA0A962E19EBA0C400AFEE9A /* PEOBITests.swift */ = {isa = PBXFileReference; lastKnownFileType = sourcecode.swift; path = PEOBITests.swift; sourceTree = "<group>"; };
		BA0A963819EBA5E400AFEE9A /* Blurred-Skyline.jpg */ = {isa = PBXFileReference; lastKnownFileType = image.jpeg; path = "Blurred-Skyline.jpg"; sourceTree = "<group>"; };
		BA0A963C19EBA6B200AFEE9A /* 1333419.jpg */ = {isa = PBXFileReference; lastKnownFileType = image.jpeg; path = 1333419.jpg; sourceTree = "<group>"; };
		BA0A963E19ECCF3600AFEE9A /* index_bottom_graphic.png */ = {isa = PBXFileReference; lastKnownFileType = image.png; path = index_bottom_graphic.png; sourceTree = "<group>"; };
		BA0A963F19ECCF3600AFEE9A /* Logo_final_colour.png */ = {isa = PBXFileReference; lastKnownFileType = image.png; path = Logo_final_colour.png; sourceTree = "<group>"; };
		BA0A964019ECCF3600AFEE9A /* Logo_final_text.png */ = {isa = PBXFileReference; lastKnownFileType = image.png; path = Logo_final_text.png; sourceTree = "<group>"; };
		BA0A964419EE292F00AFEE9A /* MobileCoreServices.framework */ = {isa = PBXFileReference; lastKnownFileType = wrapper.framework; name = MobileCoreServices.framework; path = System/Library/Frameworks/MobileCoreServices.framework; sourceTree = SDKROOT; };
/* End PBXFileReference section */

/* Begin PBXFrameworksBuildPhase section */
		BA0A961019EBA0C300AFEE9A /* Frameworks */ = {
			isa = PBXFrameworksBuildPhase;
			buildActionMask = 2147483647;
			files = (
				BA0A964519EE292F00AFEE9A /* MobileCoreServices.framework in Frameworks */,
			);
			runOnlyForDeploymentPostprocessing = 0;
		};
		BA0A962519EBA0C400AFEE9A /* Frameworks */ = {
			isa = PBXFrameworksBuildPhase;
			buildActionMask = 2147483647;
			files = (
			);
			runOnlyForDeploymentPostprocessing = 0;
		};
/* End PBXFrameworksBuildPhase section */

/* Begin PBXGroup section */
		BA0A960A19EBA0C300AFEE9A = {
			isa = PBXGroup;
			children = (
				BA0A961519EBA0C400AFEE9A /* PEOBI */,
				BA0A962B19EBA0C400AFEE9A /* PEOBITests */,
				BA0A961419EBA0C400AFEE9A /* Products */,
			);
			sourceTree = "<group>";
		};
		BA0A961419EBA0C400AFEE9A /* Products */ = {
			isa = PBXGroup;
			children = (
				BA0A961319EBA0C400AFEE9A /* PEOBI.app */,
				BA0A962819EBA0C400AFEE9A /* PEOBITests.xctest */,
			);
			name = Products;
			sourceTree = "<group>";
		};
		BA0A961519EBA0C400AFEE9A /* PEOBI */ = {
			isa = PBXGroup;
			children = (
				BA0A961819EBA0C400AFEE9A /* AppDelegate.swift */,
				BA0A961A19EBA0C400AFEE9A /* ViewController.swift */,
				BA0A961C19EBA0C400AFEE9A /* Main.storyboard */,
				BA0A961F19EBA0C400AFEE9A /* Images.xcassets */,
				BA0A962119EBA0C400AFEE9A /* LaunchScreen.xib */,
				BA0A961619EBA0C400AFEE9A /* Supporting Files */,
			);
			path = PEOBI;
			sourceTree = "<group>";
		};
		BA0A961619EBA0C400AFEE9A /* Supporting Files */ = {
			isa = PBXGroup;
			children = (
				BA0A964419EE292F00AFEE9A /* MobileCoreServices.framework */,
				BA0A963E19ECCF3600AFEE9A /* index_bottom_graphic.png */,
				BA0A963F19ECCF3600AFEE9A /* Logo_final_colour.png */,
				BA0A964019ECCF3600AFEE9A /* Logo_final_text.png */,
				BA0A963C19EBA6B200AFEE9A /* 1333419.jpg */,
				BA0A963819EBA5E400AFEE9A /* Blurred-Skyline.jpg */,
				BA0A961719EBA0C400AFEE9A /* Info.plist */,
			);
			name = "Supporting Files";
			sourceTree = "<group>";
		};
		BA0A962B19EBA0C400AFEE9A /* PEOBITests */ = {
			isa = PBXGroup;
			children = (
				BA0A962E19EBA0C400AFEE9A /* PEOBITests.swift */,
				BA0A962C19EBA0C400AFEE9A /* Supporting Files */,
			);
			path = PEOBITests;
			sourceTree = "<group>";
		};
		BA0A962C19EBA0C400AFEE9A /* Supporting Files */ = {
			isa = PBXGroup;
			children = (
				BA0A962D19EBA0C400AFEE9A /* Info.plist */,
			);
			name = "Supporting Files";
			sourceTree = "<group>";
		};
/* End PBXGroup section */

/* Begin PBXNativeTarget section */
		BA0A961219EBA0C300AFEE9A /* PEOBI */ = {
			isa = PBXNativeTarget;
			buildConfigurationList = BA0A963219EBA0C400AFEE9A /* Build configuration list for PBXNativeTarget "PEOBI" */;
			buildPhases = (
				BA0A960F19EBA0C300AFEE9A /* Sources */,
				BA0A961019EBA0C300AFEE9A /* Frameworks */,
				BA0A961119EBA0C300AFEE9A /* Resources */,
			);
			buildRules = (
			);
			dependencies = (
			);
			name = PEOBI;
			productName = PEOBI;
			productReference = BA0A961319EBA0C400AFEE9A /* PEOBI.app */;
			productType = "com.apple.product-type.application";
		};
		BA0A962719EBA0C400AFEE9A /* PEOBITests */ = {
			isa = PBXNativeTarget;
			buildConfigurationList = BA0A963519EBA0C400AFEE9A /* Build configuration list for PBXNativeTarget "PEOBITests" */;
			buildPhases = (
				BA0A962419EBA0C400AFEE9A /* Sources */,
				BA0A962519EBA0C400AFEE9A /* Frameworks */,
				BA0A962619EBA0C400AFEE9A /* Resources */,
			);
			buildRules = (
			);
			dependencies = (
				BA0A962A19EBA0C400AFEE9A /* PBXTargetDependency */,
			);
			name = PEOBITests;
			productName = PEOBITests;
			productReference = BA0A962819EBA0C400AFEE9A /* PEOBITests.xctest */;
			productType = "com.apple.product-type.bundle.unit-test";
		};
/* End PBXNativeTarget section */

/* Begin PBXProject section */
		BA0A960B19EBA0C300AFEE9A /* Project object */ = {
			isa = PBXProject;
			attributes = {
				LastUpgradeCheck = 0610;
				ORGANIZATIONNAME = PEOBI;
				TargetAttributes = {
					BA0A961219EBA0C300AFEE9A = {
						CreatedOnToolsVersion = 6.1;
					};
					BA0A962719EBA0C400AFEE9A = {
						CreatedOnToolsVersion = 6.1;
						TestTargetID = BA0A961219EBA0C300AFEE9A;
					};
				};
			};
			buildConfigurationList = BA0A960E19EBA0C300AFEE9A /* Build configuration list for PBXProject "PEOBI" */;
			compatibilityVersion = "Xcode 3.2";
			developmentRegion = English;
			hasScannedForEncodings = 0;
			knownRegions = (
				en,
				Base,
			);
			mainGroup = BA0A960A19EBA0C300AFEE9A;
			productRefGroup = BA0A961419EBA0C400AFEE9A /* Products */;
			projectDirPath = "";
			projectRoot = "";
			targets = (
				BA0A961219EBA0C300AFEE9A /* PEOBI */,
				BA0A962719EBA0C400AFEE9A /* PEOBITests */,
			);
		};
/* End PBXProject section */

/* Begin PBXResourcesBuildPhase section */
		BA0A961119EBA0C300AFEE9A /* Resources */ = {
			isa = PBXResourcesBuildPhase;
			buildActionMask = 2147483647;
			files = (
				BA0A964219ECCF3600AFEE9A /* Logo_final_colour.png in Resources */,
				BA0A961E19EBA0C400AFEE9A /* Main.storyboard in Resources */,
				BA0A962319EBA0C400AFEE9A /* LaunchScreen.xib in Resources */,
				BA0A963D19EBA6B200AFEE9A /* 1333419.jpg in Resources */,
				BA0A964319ECCF3600AFEE9A /* Logo_final_text.png in Resources */,
				BA0A963919EBA5E400AFEE9A /* Blurred-Skyline.jpg in Resources */,
				BA0A964119ECCF3600AFEE9A /* index_bottom_graphic.png in Resources */,
				BA0A962019EBA0C400AFEE9A /* Images.xcassets in Resources */,
			);
			runOnlyForDeploymentPostprocessing = 0;
		};
		BA0A962619EBA0C400AFEE9A /* Resources */ = {
			isa = PBXResourcesBuildPhase;
			buildActionMask = 2147483647;
			files = (
			);
			runOnlyForDeploymentPostprocessing = 0;
		};
/* End PBXResourcesBuildPhase section */

/* Begin PBXSourcesBuildPhase section */
		BA0A960F19EBA0C300AFEE9A /* Sources */ = {
			isa = PBXSourcesBuildPhase;
			buildActionMask = 2147483647;
			files = (
				BA0A961B19EBA0C400AFEE9A /* ViewController.swift in Sources */,
				BA0A961919EBA0C400AFEE9A /* AppDelegate.swift in Sources */,
			);
			runOnlyForDeploymentPostprocessing = 0;
		};
		BA0A962419EBA0C400AFEE9A /* Sources */ = {
			isa = PBXSourcesBuildPhase;
			buildActionMask = 2147483647;
			files = (
				BA0A962F19EBA0C400AFEE9A /* PEOBITests.swift in Sources */,
			);
			runOnlyForDeploymentPostprocessing = 0;
		};
/* End PBXSourcesBuildPhase section */

/* Begin PBXTargetDependency section */
		BA0A962A19EBA0C400AFEE9A /* PBXTargetDependency */ = {
			isa = PBXTargetDependency;
			target = BA0A961219EBA0C300AFEE9A /* PEOBI */;
			targetProxy = BA0A962919EBA0C400AFEE9A /* PBXContainerItemProxy */;
		};
/* End PBXTargetDependency section */

/* Begin PBXVariantGroup section */
		BA0A961C19EBA0C400AFEE9A /* Main.storyboard */ = {
			isa = PBXVariantGroup;
			children = (
				BA0A961D19EBA0C400AFEE9A /* Base */,
			);
			name = Main.storyboard;
			sourceTree = "<group>";
		};
		BA0A962119EBA0C400AFEE9A /* LaunchScreen.xib */ = {
			isa = PBXVariantGroup;
			children = (
				BA0A962219EBA0C400AFEE9A /* Base */,
			);
			name = LaunchScreen.xib;
			sourceTree = "<group>";
		};
/* End PBXVariantGroup section */

/* Begin XCBuildConfiguration section */
		BA0A963019EBA0C400AFEE9A /* Debug */ = {
			isa = XCBuildConfiguration;
			buildSettings = {
				ALWAYS_SEARCH_USER_PATHS = NO;
				CLANG_CXX_LANGUAGE_STANDARD = "gnu++0x";
				CLANG_CXX_LIBRARY = "libc++";
				CLANG_ENABLE_MODULES = YES;
				CLANG_ENABLE_OBJC_ARC = YES;
				CLANG_WARN_BOOL_CONVERSION = YES;
				CLANG_WARN_CONSTANT_CONVERSION = YES;
				CLANG_WARN_DIRECT_OBJC_ISA_USAGE = YES_ERROR;
				CLANG_WARN_EMPTY_BODY = YES;
				CLANG_WARN_ENUM_CONVERSION = YES;
				CLANG_WARN_INT_CONVERSION = YES;
				CLANG_WARN_OBJC_ROOT_CLASS = YES_ERROR;
				CLANG_WARN_UNREACHABLE_CODE = YES;
				CLANG_WARN__DUPLICATE_METHOD_MATCH = YES;
				"CODE_SIGN_IDENTITY[sdk=iphoneos*]" = "iPhone Developer";
				COPY_PHASE_STRIP = NO;
				ENABLE_STRICT_OBJC_MSGSEND = YES;
				GCC_C_LANGUAGE_STANDARD = gnu99;
				GCC_DYNAMIC_NO_PIC = NO;
				GCC_OPTIMIZATION_LEVEL = 0;
				GCC_PREPROCESSOR_DEFINITIONS = (
					"DEBUG=1",
					"$(inherited)",
				);
				GCC_SYMBOLS_PRIVATE_EXTERN = NO;
				GCC_WARN_64_TO_32_BIT_CONVERSION = YES;
				GCC_WARN_ABOUT_RETURN_TYPE = YES_ERROR;
				GCC_WARN_UNDECLARED_SELECTOR = YES;
				GCC_WARN_UNINITIALIZED_AUTOS = YES_AGGRESSIVE;
				GCC_WARN_UNUSED_FUNCTION = YES;
				GCC_WARN_UNUSED_VARIABLE = YES;
				IPHONEOS_DEPLOYMENT_TARGET = 8.1;
				MTL_ENABLE_DEBUG_INFO = YES;
				ONLY_ACTIVE_ARCH = YES;
				SDKROOT = iphoneos;
				SWIFT_OPTIMIZATION_LEVEL = "-Onone";
				TARGETED_DEVICE_FAMILY = "1,2";
			};
			name = Debug;
		};
		BA0A963119EBA0C400AFEE9A /* Release */ = {
			isa = XCBuildConfiguration;
			buildSettings = {
				ALWAYS_SEARCH_USER_PATHS = NO;
				CLANG_CXX_LANGUAGE_STANDARD = "gnu++0x";
				CLANG_CXX_LIBRARY = "libc++";
				CLANG_ENABLE_MODULES = YES;
				CLANG_ENABLE_OBJC_ARC = YES;
				CLANG_WARN_BOOL_CONVERSION = YES;
				CLANG_WARN_CONSTANT_CONVERSION = YES;
				CLANG_WARN_DIRECT_OBJC_ISA_USAGE = YES_ERROR;
				CLANG_WARN_EMPTY_BODY = YES;
				CLANG_WARN_ENUM_CONVERSION = YES;
				CLANG_WARN_INT_CONVERSION = YES;
				CLANG_WARN_OBJC_ROOT_CLASS = YES_ERROR;
				CLANG_WARN_UNREACHABLE_CODE = YES;
				CLANG_WARN__DUPLICATE_METHOD_MATCH = YES;
				"CODE_SIGN_IDENTITY[sdk=iphoneos*]" = "iPhone Developer";
				COPY_PHASE_STRIP = YES;
				ENABLE_NS_ASSERTIONS = NO;
				ENABLE_STRICT_OBJC_MSGSEND = YES;
				GCC_C_LANGUAGE_STANDARD = gnu99;
				GCC_WARN_64_TO_32_BIT_CONVERSION = YES;
				GCC_WARN_ABOUT_RETURN_TYPE = YES_ERROR;
				GCC_WARN_UNDECLARED_SELECTOR = YES;
				GCC_WARN_UNINITIALIZED_AUTOS = YES_AGGRESSIVE;
				GCC_WARN_UNUSED_FUNCTION = YES;
				GCC_WARN_UNUSED_VARIABLE = YES;
				IPHONEOS_DEPLOYMENT_TARGET = 8.1;
				MTL_ENABLE_DEBUG_INFO = NO;
				SDKROOT = iphoneos;
				TARGETED_DEVICE_FAMILY = "1,2";
				VALIDATE_PRODUCT = YES;
			};
			name = Release;
		};
		BA0A963319EBA0C400AFEE9A /* Debug */ = {
			isa = XCBuildConfiguration;
			buildSettings = {
				ASSETCATALOG_COMPILER_APPICON_NAME = AppIcon;
				INFOPLIST_FILE = PEOBI/Info.plist;
				IPHONEOS_DEPLOYMENT_TARGET = 8.0;
				LD_RUNPATH_SEARCH_PATHS = "$(inherited) @executable_path/Frameworks";
				PRODUCT_NAME = "$(TARGET_NAME)";
			};
			name = Debug;
		};
		BA0A963419EBA0C400AFEE9A /* Release */ = {
			isa = XCBuildConfiguration;
			buildSettings = {
				ASSETCATALOG_COMPILER_APPICON_NAME = AppIcon;
				INFOPLIST_FILE = PEOBI/Info.plist;
				IPHONEOS_DEPLOYMENT_TARGET = 8.0;
				LD_RUNPATH_SEARCH_PATHS = "$(inherited) @executable_path/Frameworks";
				PRODUCT_NAME = "$(TARGET_NAME)";
			};
			name = Release;
		};
		BA0A963619EBA0C400AFEE9A /* Debug */ = {
			isa = XCBuildConfiguration;
			buildSettings = {
				BUNDLE_LOADER = "$(TEST_HOST)";
				FRAMEWORK_SEARCH_PATHS = (
					"$(SDKROOT)/Developer/Library/Frameworks",
					"$(inherited)",
				);
				GCC_PREPROCESSOR_DEFINITIONS = (
					"DEBUG=1",
					"$(inherited)",
				);
				INFOPLIST_FILE = PEOBITests/Info.plist;
				LD_RUNPATH_SEARCH_PATHS = "$(inherited) @executable_path/Frameworks @loader_path/Frameworks";
				PRODUCT_NAME = "$(TARGET_NAME)";
				TEST_HOST = "$(BUILT_PRODUCTS_DIR)/PEOBI.app/PEOBI";
			};
			name = Debug;
		};
		BA0A963719EBA0C400AFEE9A /* Release */ = {
			isa = XCBuildConfiguration;
			buildSettings = {
				BUNDLE_LOADER = "$(TEST_HOST)";
				FRAMEWORK_SEARCH_PATHS = (
					"$(SDKROOT)/Developer/Library/Frameworks",
					"$(inherited)",
				);
				INFOPLIST_FILE = PEOBITests/Info.plist;
				LD_RUNPATH_SEARCH_PATHS = "$(inherited) @executable_path/Frameworks @loader_path/Frameworks";
				PRODUCT_NAME = "$(TARGET_NAME)";
				TEST_HOST = "$(BUILT_PRODUCTS_DIR)/PEOBI.app/PEOBI";
			};
			name = Release;
		};
/* End XCBuildConfiguration section */

/* Begin XCConfigurationList section */
		BA0A960E19EBA0C300AFEE9A /* Build configuration list for PBXProject "PEOBI" */ = {
			isa = XCConfigurationList;
			buildConfigurations = (
				BA0A963019EBA0C400AFEE9A /* Debug */,
				BA0A963119EBA0C400AFEE9A /* Release */,
			);
			defaultConfigurationIsVisible = 0;
			defaultConfigurationName = Release;
		};
		BA0A963219EBA0C400AFEE9A /* Build configuration list for PBXNativeTarget "PEOBI" */ = {
			isa = XCConfigurationList;
			buildConfigurations = (
				BA0A963319EBA0C400AFEE9A /* Debug */,
				BA0A963419EBA0C400AFEE9A /* Release */,
			);
			defaultConfigurationIsVisible = 0;
			defaultConfigurationName = Release;
		};
		BA0A963519EBA0C400AFEE9A /* Build configuration list for PBXNativeTarget "PEOBITests" */ = {
			isa = XCConfigurationList;
			buildConfigurations = (
				BA0A963619EBA0C400AFEE9A /* Debug */,
				BA0A963719EBA0C400AFEE9A /* Release */,
			);
			defaultConfigurationIsVisible = 0;
			defaultConfigurationName = Release;
		};
/* End XCConfigurationList section */
	};
	rootObject = BA0A960B19EBA0C300AFEE9A /* Project object */;
}
